
Microsoft Visual Studio Solution File, Format Version 12.00
Project("{FAE04EC0-301F-11D3-BF4B-00C04F79EFBC}") = "B2BApi", "B2BApi\B2BApi.csproj", "{08BD77A4-6075-413B-9630-CE2F316B85F6}"
EndProject
Global
	GlobalSection(SolutionConfigurationPlatforms) = preSolution
		Debug|Any CPU = Debug|Any CPU
		Release|Any CPU = Release|Any CPU
	EndGlobalSection
	GlobalSection(ProjectConfigurationPlatforms) = postSolution
		{08BD77A4-6075-413B-9630-CE2F316B85F6}.Debug|Any CPU.ActiveCfg = Debug|Any CPU
		{08BD77A4-6075-413B-9630-CE2F316B85F6}.Debug|Any CPU.Build.0 = Debug|Any CPU
		{08BD77A4-6075-413B-9630-CE2F316B85F6}.Release|Any CPU.ActiveCfg = Release|Any CPU
		{08BD77A4-6075-413B-9630-CE2F316B85F6}.Release|Any CPU.Build.0 = Release|Any CPU
	EndGlobalSection
EndGlobal
